<?xml version="1.0" encoding="UTF-8" standalone="yes" ?>
<CodeBlocks_project_file>
	<FileVersion major="1" minor="6" />
	<Project>
		<Option title="prj" />
		<Option pch_mode="2" />
		<Option compiler="gcc" />
		<Option virtualFolders="src/;" />
		<Build>
			<Target title="Debug">
				<Option output="Debug/prj" prefix_auto="1" extension_auto="1" />
				<Option object_output="Debug/" />
				<Option type="1" />
				<Option compiler="gcc" />
				<Compiler>
					<Add option="-g" />
					<Add option="-D_DEBUG" />
				</Compiler>
			</Target>
			<Target title="Release">
				<Option output="Release/prj" prefix_auto="1" extension_auto="1" />
				<Option object_output="Release/" />
				<Option type="1" />
				<Option compiler="gcc" />
				<Compiler>
					<Add option="-O2" />
					<Add option="-D_RELEASE" />
				</Compiler>
				<Linker>
					<Add option="-s" />
				</Linker>
			</Target>
		</Build>
		<Compiler>
			<Add option="-Wall" />
			<Add option="-D__LINUX__" />
			<Add option="-D__LINUX_ALSA__" />
			<Add option="-D__LINUX_ALSASEQ__" />
			<Add option="-DGLTXT_USE_FONT_BDF" />
			<Add option="-DGLTXT_USE_FONT_BDF_INCLUDE" />
			<Add option="-DWND_USE_GLTXT_BDF" />
		</Compiler>
		<Linker>
			<Add library="asound" />
			<Add library="GL" />
			<Add library="GLU" />
			<Add library="Xxf86vm" />
			<Add library="X11" />
			<Add library="rt" />
			<Add library="pthread" />
		</Linker>
		<Unit filename="../src/AS/AS.cpp" />
		<Unit filename="../src/AS/AS.h" />
		<Unit filename="../src/Array/Array.cpp" />
		<Unit filename="../src/Array/Array.h" />
		<Unit filename="../src/Array/Array.inline.h" />
		<Unit filename="../src/Ctrl.cpp" />
		<Unit filename="../src/Ctrl.h" />
		<Unit filename="../src/DEF.cpp" />
		<Unit filename="../src/DEF.h" />
		<Unit filename="../src/File/File.cpp" />
		<Unit filename="../src/File/File.h" />
		<Unit filename="../src/File/FileBlock.cpp" />
		<Unit filename="../src/File/FileBlock.h" />
		<Unit filename="../src/File/FileBlockImg.cpp" />
		<Unit filename="../src/File/FileBlockImg.h" />
		<Unit filename="../src/File/FileBlockImgBmp.cpp" />
		<Unit filename="../src/File/FileBlockImgBmp.h" />
		<Unit filename="../src/File/FileBlockMidi.cpp" />
		<Unit filename="../src/File/FileBlockMidi.h" />
		<Unit filename="../src/File/FileStream.cpp" />
		<Unit filename="../src/File/FileStream.h" />
		<Unit filename="../src/File/FileStreamWav.cpp" />
		<Unit filename="../src/File/FileStreamWav.h" />
		<Unit filename="../src/GLGrab/GLGrab.cpp" />
		<Unit filename="../src/GLGrab/GLGrab.h" />
		<Unit filename="../src/GLTool/GLTool.cpp" />
		<Unit filename="../src/GLTool/GLTool.h" />
		<Unit filename="../src/GLTool/GLTool.inline.h" />
		<Unit filename="../src/GLTxt/GLTxtDEF.cpp" />
		<Unit filename="../src/GLTxt/GLTxtDEF.h" />
		<Unit filename="../src/GLTxt/GLTxtFont.cpp" />
		<Unit filename="../src/GLTxt/GLTxtFont.h" />
		<Unit filename="../src/GLTxt/GLTxtFont.inline.h" />
		<Unit filename="../src/GLTxt/GLTxtPrinter.cpp" />
		<Unit filename="../src/GLTxt/GLTxtPrinter.h" />
		<Unit filename="../src/GLTxt/GLTxtPrinter.inline.h" />
		<Unit filename="../src/List/List.cpp" />
		<Unit filename="../src/List/List.h" />
		<Unit filename="../src/List/List.inline.h" />
		<Unit filename="../src/Main.cpp" />
		<Unit filename="../src/Main.h" />
		<Unit filename="../src/Midi/Midi.cpp" />
		<Unit filename="../src/Midi/Midi.h" />
		<Unit filename="../src/Midi/Midi.inline.h" />
		<Unit filename="../src/Midi/RtMidi/RtError.h" />
		<Unit filename="../src/Midi/RtMidi/RtMidi.cpp" />
		<Unit filename="../src/Midi/RtMidi/RtMidi.h" />
		<Unit filename="../src/Op/Op.cpp" />
		<Unit filename="../src/Op/Op.h" />
		<Unit filename="../src/Op/Op.inline.h" />
		<Unit filename="../src/Op/OpAMU.cpp" />
		<Unit filename="../src/Op/OpAMU.h" />
		<Unit filename="../src/Op/OpAccum.cpp" />
		<Unit filename="../src/Op/OpAccum.h" />
		<Unit filename="../src/Op/OpAdd.cpp" />
		<Unit filename="../src/Op/OpAdd.h" />
		<Unit filename="../src/Op/OpBit.cpp" />
		<Unit filename="../src/Op/OpBit.h" />
		<Unit filename="../src/Op/OpBit.inline.h" />
		<Unit filename="../src/Op/OpBitSplit.cpp" />
		<Unit filename="../src/Op/OpBitSplit.h" />
		<Unit filename="../src/Op/OpBuffer.cpp" />
		<Unit filename="../src/Op/OpBuffer.h" />
		<Unit filename="../src/Op/OpChorus.cpp" />
		<Unit filename="../src/Op/OpChorus.h" />
		<Unit filename="../src/Op/OpClip.cpp" />
		<Unit filename="../src/Op/OpClip.h" />
		<Unit filename="../src/Op/OpCmp.cpp" />
		<Unit filename="../src/Op/OpCmp.h" />
		<Unit filename="../src/Op/OpCmp.inline.h" />
		<Unit filename="../src/Op/OpCombiner.cpp" />
		<Unit filename="../src/Op/OpCombiner.h" />
		<Unit filename="../src/Op/OpCompress.cpp" />
		<Unit filename="../src/Op/OpCompress.h" />
		<Unit filename="../src/Op/OpCompressEx.cpp" />
		<Unit filename="../src/Op/OpCompressEx.h" />
		<Unit filename="../src/Op/OpCompressEx.inline.h" />
		<Unit filename="../src/Op/OpConverter.cpp" />
		<Unit filename="../src/Op/OpConverter.h" />
		<Unit filename="../src/Op/OpDEF.cpp" />
		<Unit filename="../src/Op/OpDEF.h" />
		<Unit filename="../src/Op/OpDelay.cpp" />
		<Unit filename="../src/Op/OpDelay.h" />
		<Unit filename="../src/Op/OpDemux.cpp" />
		<Unit filename="../src/Op/OpDemux.h" />
		<Unit filename="../src/Op/OpDetect.cpp" />
		<Unit filename="../src/Op/OpDetect.h" />
		<Unit filename="../src/Op/OpDiff.cpp" />
		<Unit filename="../src/Op/OpDiff.h" />
		<Unit filename="../src/Op/OpDistort.cpp" />
		<Unit filename="../src/Op/OpDistort.h" />
		<Unit filename="../src/Op/OpDiv.cpp" />
		<Unit filename="../src/Op/OpDiv.h" />
		<Unit filename="../src/Op/OpEnv1Bzr.cpp" />
		<Unit filename="../src/Op/OpEnv1Bzr.h" />
		<Unit filename="../src/Op/OpEnv1Exp.cpp" />
		<Unit filename="../src/Op/OpEnv1Exp.h" />
		<Unit filename="../src/Op/OpEnv1Lin.cpp" />
		<Unit filename="../src/Op/OpEnv1Lin.h" />
		<Unit filename="../src/Op/OpEnv1Sin.cpp" />
		<Unit filename="../src/Op/OpEnv1Sin.h" />
		<Unit filename="../src/Op/OpEnv2Bzr.cpp" />
		<Unit filename="../src/Op/OpEnv2Bzr.h" />
		<Unit filename="../src/Op/OpEnv2Exp.cpp" />
		<Unit filename="../src/Op/OpEnv2Exp.h" />
		<Unit filename="../src/Op/OpEnv2Lin.cpp" />
		<Unit filename="../src/Op/OpEnv2Lin.h" />
		<Unit filename="../src/Op/OpEnv2Sin.cpp" />
		<Unit filename="../src/Op/OpEnv2Sin.h" />
		<Unit filename="../src/Op/OpEnvAdsr.cpp" />
		<Unit filename="../src/Op/OpEnvAdsr.h" />
		<Unit filename="../src/Op/OpEnvGlider.cpp" />
		<Unit filename="../src/Op/OpEnvGlider.h" />
		<Unit filename="../src/Op/OpEventTable.cpp" />
		<Unit filename="../src/Op/OpEventTable.h" />
		<Unit filename="../src/Op/OpFader.cpp" />
		<Unit filename="../src/Op/OpFader.h" />
		<Unit filename="../src/Op/OpFileWavIn.cpp" />
		<Unit filename="../src/Op/OpFileWavIn.h" />
		<Unit filename="../src/Op/OpFileWavOut.cpp" />
		<Unit filename="../src/Op/OpFileWavOut.h" />
		<Unit filename="../src/Op/OpFlanger.cpp" />
		<Unit filename="../src/Op/OpFlanger.h" />
		<Unit filename="../src/Op/OpFltAllpass.cpp" />
		<Unit filename="../src/Op/OpFltAllpass.h" />
		<Unit filename="../src/Op/OpFltAllpass1.cpp" />
		<Unit filename="../src/Op/OpFltAllpass1.h" />
		<Unit filename="../src/Op/OpFltAllpass2.cpp" />
		<Unit filename="../src/Op/OpFltAllpass2.h" />
		<Unit filename="../src/Op/OpFltBiquad.cpp" />
		<Unit filename="../src/Op/OpFltBiquad.h" />
		<Unit filename="../src/Op/OpFltComb.cpp" />
		<Unit filename="../src/Op/OpFltComb.h" />
		<Unit filename="../src/Op/OpFltEq3.cpp" />
		<Unit filename="../src/Op/OpFltEq3.h" />
		<Unit filename="../src/Op/OpFltFBack.cpp" />
		<Unit filename="../src/Op/OpFltFBack.h" />
		<Unit filename="../src/Op/OpFltFFT.cpp" />
		<Unit filename="../src/Op/OpFltFFT.h" />
		<Unit filename="../src/Op/OpFltFForw.cpp" />
		<Unit filename="../src/Op/OpFltFForw.h" />
		<Unit filename="../src/Op/OpFltHighLow.cpp" />
		<Unit filename="../src/Op/OpFltHighLow.h" />
		<Unit filename="../src/Op/OpFltLow0.cpp" />
		<Unit filename="../src/Op/OpFltLow0.h" />
		<Unit filename="../src/Op/OpFltMoog.cpp" />
		<Unit filename="../src/Op/OpFltMoog.h" />
		<Unit filename="../src/Op/OpFltRes0.cpp" />
		<Unit filename="../src/Op/OpFltRes0.h" />
		<Unit filename="../src/Op/OpFltTB303.cpp" />
		<Unit filename="../src/Op/OpFltTB303.h" />
		<Unit filename="../src/Op/OpGate.cpp" />
		<Unit filename="../src/Op/OpGate.h" />
		<Unit filename="../src/Op/OpIf.cpp" />
		<Unit filename="../src/Op/OpIf.h" />
		<Unit filename="../src/Op/OpInter.cpp" />
		<Unit filename="../src/Op/OpInter.h" />
		<Unit filename="../src/Op/OpLadder.cpp" />
		<Unit filename="../src/Op/OpLadder.h" />
		<Unit filename="../src/Op/OpLogic.cpp" />
		<Unit filename="../src/Op/OpLogic.h" />
		<Unit filename="../src/Op/OpLogic.inline.h" />
		<Unit filename="../src/Op/OpLoop.cpp" />
		<Unit filename="../src/Op/OpLoop.h" />
		<Unit filename="../src/Op/OpMAD.cpp" />
		<Unit filename="../src/Op/OpMAD.h" />
		<Unit filename="../src/Op/OpMathArcus.cpp" />
		<Unit filename="../src/Op/OpMathArcus.h" />
		<Unit filename="../src/Op/OpMathExp.cpp" />
		<Unit filename="../src/Op/OpMathExp.h" />
		<Unit filename="../src/Op/OpMathFmod.cpp" />
		<Unit filename="../src/Op/OpMathFmod.h" />
		<Unit filename="../src/Op/OpMathLog.cpp" />
		<Unit filename="../src/Op/OpMathLog.h" />
		<Unit filename="../src/Op/OpMathModf.cpp" />
		<Unit filename="../src/Op/OpMathModf.h" />
		<Unit filename="../src/Op/OpMathNum.cpp" />
		<Unit filename="../src/Op/OpMathNum.h" />
		<Unit filename="../src/Op/OpMathPow.cpp" />
		<Unit filename="../src/Op/OpMathPow.h" />
		<Unit filename="../src/Op/OpMathSqrt.cpp" />
		<Unit filename="../src/Op/OpMathSqrt.h" />
		<Unit filename="../src/Op/OpMathTrigo.cpp" />
		<Unit filename="../src/Op/OpMathTrigo.h" />
		<Unit filename="../src/Op/OpMidiDevIn.cpp" />
		<Unit filename="../src/Op/OpMidiDevIn.h" />
		<Unit filename="../src/Op/OpMidiDevOut.cpp" />
		<Unit filename="../src/Op/OpMidiDevOut.h" />
		<Unit filename="../src/Op/OpMidiFileIn.cpp" />
		<Unit filename="../src/Op/OpMidiFileIn.h" />
		<Unit filename="../src/Op/OpMidiIn.cpp" />
		<Unit filename="../src/Op/OpMidiIn.h" />
		<Unit filename="../src/Op/OpMidiInKey.cpp" />
		<Unit filename="../src/Op/OpMidiInKey.h" />
		<Unit filename="../src/Op/OpMidiOut.cpp" />
		<Unit filename="../src/Op/OpMidiOut.h" />
		<Unit filename="../src/Op/OpMix.cpp" />
		<Unit filename="../src/Op/OpMix.h" />
		<Unit filename="../src/Op/OpMul.cpp" />
		<Unit filename="../src/Op/OpMul.h" />
		<Unit filename="../src/Op/OpNop.cpp" />
		<Unit filename="../src/Op/OpNop.h" />
		<Unit filename="../src/Op/OpOscApprox.cpp" />
		<Unit filename="../src/Op/OpOscApprox.h" />
		<Unit filename="../src/Op/OpOscCircle.cpp" />
		<Unit filename="../src/Op/OpOscCircle.h" />
		<Unit filename="../src/Op/OpOscLUT.cpp" />
		<Unit filename="../src/Op/OpOscLUT.h" />
		<Unit filename="../src/Op/OpOscPls.cpp" />
		<Unit filename="../src/Op/OpOscPls.h" />
		<Unit filename="../src/Op/OpOscSaw.cpp" />
		<Unit filename="../src/Op/OpOscSaw.h" />
		<Unit filename="../src/Op/OpOscSin.cpp" />
		<Unit filename="../src/Op/OpOscSin.h" />
		<Unit filename="../src/Op/OpOscTri.cpp" />
		<Unit filename="../src/Op/OpOscTri.h" />
		<Unit filename="../src/Op/OpOscVar.cpp" />
		<Unit filename="../src/Op/OpOscVar.h" />
		<Unit filename="../src/Op/OpPercDrum.cpp" />
		<Unit filename="../src/Op/OpPercDrum.h" />
		<Unit filename="../src/Op/OpPhaser.cpp" />
		<Unit filename="../src/Op/OpPhaser.h" />
		<Unit filename="../src/Op/OpReducer.cpp" />
		<Unit filename="../src/Op/OpReducer.h" />
		<Unit filename="../src/Op/OpRetrigger.cpp" />
		<Unit filename="../src/Op/OpRetrigger.h" />
		<Unit filename="../src/Op/OpReverb.cpp" />
		<Unit filename="../src/Op/OpReverb.h" />
		<Unit filename="../src/Op/OpReverbAL.cpp" />
		<Unit filename="../src/Op/OpReverbAL.h" />
		<Unit filename="../src/Op/OpRouter.cpp" />
		<Unit filename="../src/Op/OpRouter.h" />
		<Unit filename="../src/Op/OpSH.cpp" />
		<Unit filename="../src/Op/OpSH.h" />
		<Unit filename="../src/Op/OpSampler.cpp" />
		<Unit filename="../src/Op/OpSampler.h" />
		<Unit filename="../src/Op/OpScale.cpp" />
		<Unit filename="../src/Op/OpScale.h" />
		<Unit filename="../src/Op/OpSelector.cpp" />
		<Unit filename="../src/Op/OpSelector.h" />
		<Unit filename="../src/Op/OpSeqAAS.cpp" />
		<Unit filename="../src/Op/OpSeqAAS.h" />
		<Unit filename="../src/Op/OpSeqCell1D.cpp" />
		<Unit filename="../src/Op/OpSeqCell1D.h" />
		<Unit filename="../src/Op/OpSeqColl1D.cpp" />
		<Unit filename="../src/Op/OpSeqColl1D.h" />
		<Unit filename="../src/Op/OpSeqFibo.cpp" />
		<Unit filename="../src/Op/OpSeqFibo.h" />
		<Unit filename="../src/Op/OpSeqLog.cpp" />
		<Unit filename="../src/Op/OpSeqLog.h" />
		<Unit filename="../src/Op/OpSeqMandel.cpp" />
		<Unit filename="../src/Op/OpSeqMandel.h" />
		<Unit filename="../src/Op/OpSeqPrime.cpp" />
		<Unit filename="../src/Op/OpSeqPrime.h" />
		<Unit filename="../src/Op/OpSeqRand.cpp" />
		<Unit filename="../src/Op/OpSeqRand.h" />
		<Unit filename="../src/Op/OpSeqReca.cpp" />
		<Unit filename="../src/Op/OpSeqReca.h" />
		<Unit filename="../src/Op/OpShaper.cpp" />
		<Unit filename="../src/Op/OpShaper.h" />
		<Unit filename="../src/Op/OpStep.cpp" />
		<Unit filename="../src/Op/OpStep.h" />
		<Unit filename="../src/Op/OpSto.cpp" />
		<Unit filename="../src/Op/OpSto.h" />
		<Unit filename="../src/Op/OpSub.cpp" />
		<Unit filename="../src/Op/OpSub.h" />
		<Unit filename="../src/Op/OpSwitch.cpp" />
		<Unit filename="../src/Op/OpSwitch.h" />
		<Unit filename="../src/Op/OpSys.cpp" />
		<Unit filename="../src/Op/OpSys.h" />
		<Unit filename="../src/Op/OpTime.cpp" />
		<Unit filename="../src/Op/OpTime.h" />
		<Unit filename="../src/Op/OpTransFFT.cpp" />
		<Unit filename="../src/Op/OpTransFFT.h" />
		<Unit filename="../src/Op/OpTrigger.cpp" />
		<Unit filename="../src/Op/OpTrigger.h" />
		<Unit filename="../src/Op/OpValue.cpp" />
		<Unit filename="../src/Op/OpValue.h" />
		<Unit filename="../src/OpTk/OpTkBuffer.cpp" />
		<Unit filename="../src/OpTk/OpTkBuffer.h" />
		<Unit filename="../src/OpTk/OpTkBuffer.inline.h" />
		<Unit filename="../src/OpTk/OpTkBufferDelay.cpp" />
		<Unit filename="../src/OpTk/OpTkBufferDelay.h" />
		<Unit filename="../src/OpTk/OpTkBufferDelay.inline.h" />
		<Unit filename="../src/OpTk/OpTkDEF.cpp" />
		<Unit filename="../src/OpTk/OpTkDEF.h" />
		<Unit filename="../src/OpTk/OpTkEnv.cpp" />
		<Unit filename="../src/OpTk/OpTkEnv.h" />
		<Unit filename="../src/OpTk/OpTkEnv.inline.h" />
		<Unit filename="../src/OpTk/OpTkFFT.cpp" />
		<Unit filename="../src/OpTk/OpTkFFT.h" />
		<Unit filename="../src/OpTk/OpTkFFT.inline.h" />
		<Unit filename="../src/OpTk/OpTkFlt.cpp" />
		<Unit filename="../src/OpTk/OpTkFlt.h" />
		<Unit filename="../src/OpTk/OpTkFlt.inline.h" />
		<Unit filename="../src/OpTk/OpTkOsc.cpp" />
		<Unit filename="../src/OpTk/OpTkOsc.h" />
		<Unit filename="../src/OpTk/OpTkOsc.inline.h" />
		<Unit filename="../src/OpTk/OpTkSeq.cpp" />
		<Unit filename="../src/OpTk/OpTkSeq.h" />
		<Unit filename="../src/OpTk/OpTkSeq.inline.h" />
		<Unit filename="../src/OrgOp/OrgOp.cpp" />
		<Unit filename="../src/OrgOp/OrgOp.h" />
		<Unit filename="../src/OrgOp/OrgOp.inline.h" />
		<Unit filename="../src/PrsBDF/PrsBDF.cpp" />
		<Unit filename="../src/PrsBDF/PrsBDF.h" />
		<Unit filename="../src/Stack/Stack.cpp" />
		<Unit filename="../src/Stack/Stack.h" />
		<Unit filename="../src/Stack/Stack.inline.h" />
		<Unit filename="../src/Str/Str.cpp" />
		<Unit filename="../src/Str/Str.h" />
		<Unit filename="../src/Str/Str.inline.h" />
		<Unit filename="../src/Sys/Sys.cpp" />
		<Unit filename="../src/Sys/Sys.h" />
		<Unit filename="../src/Time/Time.cpp" />
		<Unit filename="../src/Time/Time.h" />
		<Unit filename="../src/Time/Time.inline.h" />
		<Unit filename="../src/VisOp/VisOp.cpp" />
		<Unit filename="../src/VisOp/VisOp.h" />
		<Unit filename="../src/VisOp/VisOpDEF.cpp" />
		<Unit filename="../src/VisOp/VisOpDEF.h" />
		<Unit filename="../src/Wnd/FSAA.cpp" />
		<Unit filename="../src/Wnd/FSAA.h" />
		<Unit filename="../src/Wnd/Wnd.cpp" />
		<Unit filename="../src/Wnd/Wnd.h" />
		<Unit filename="../src/Wnd/Wnd.inline.h" />
		<Unit filename="../src/Wnd/WndDEF.cpp" />
		<Unit filename="../src/Wnd/WndDEF.h" />
		<Unit filename="../src/Wnd/xdnd.cpp" />
		<Unit filename="../src/Wnd/xdnd.h" />
		<Extensions>
			<code_completion />
			<debugger />
			<envvars />
		</Extensions>
	</Project>
</CodeBlocks_project_file>
